
Microsoft Visual Studio Solution File, Format Version 12.00
# Visual Studio Version 17
VisualStudioVersion = 17.8.34525.116
MinimumVisualStudioVersion = 10.0.40219.1
Project("{FAE04EC0-301F-11D3-BF4B-00C04F79EFBC}") = "Namespace-Dll-Static-Extension", "Namespace-Dll-Static-Extension\Namespace-Dll-Static-Extension.csproj", "{AC969277-F36C-41CF-9251-C44FB77CF5D3}"
EndProject
Project("{FAE04EC0-301F-11D3-BF4B-00C04F79EFBC}") = "Services", "Services\Services.csproj", "{42AFDA00-CFB8-45DE-9165-D814BE250338}"
EndProject
Global
	GlobalSection(SolutionConfigurationPlatforms) = preSolution
		Debug|Any CPU = Debug|Any CPU
		Release|Any CPU = Release|Any CPU
	EndGlobalSection
	GlobalSection(ProjectConfigurationPlatforms) = postSolution
		{AC969277-F36C-41CF-9251-C44FB77CF5D3}.Debug|Any CPU.ActiveCfg = Debug|Any CPU
		{AC969277-F36C-41CF-9251-C44FB77CF5D3}.Debug|Any CPU.Build.0 = Debug|Any CPU
		{AC969277-F36C-41CF-9251-C44FB77CF5D3}.Release|Any CPU.ActiveCfg = Release|Any CPU
		{AC969277-F36C-41CF-9251-C44FB77CF5D3}.Release|Any CPU.Build.0 = Release|Any CPU
		{42AFDA00-CFB8-45DE-9165-D814BE250338}.Debug|Any CPU.ActiveCfg = Debug|Any CPU
		{42AFDA00-CFB8-45DE-9165-D814BE250338}.Debug|Any CPU.Build.0 = Debug|Any CPU
		{42AFDA00-CFB8-45DE-9165-D814BE250338}.Release|Any CPU.ActiveCfg = Release|Any CPU
		{42AFDA00-CFB8-45DE-9165-D814BE250338}.Release|Any CPU.Build.0 = Release|Any CPU
	EndGlobalSection
	GlobalSection(SolutionProperties) = preSolution
		HideSolutionNode = FALSE
	EndGlobalSection
	GlobalSection(ExtensibilityGlobals) = postSolution
		SolutionGuid = {ED63FED1-4B6D-4D9A-AC8C-82412967F675}
	EndGlobalSection
EndGlobal
